// !$*UTF8*$!
{
	archiveVersion = 1;
	classes = {
	};
	objectVersion = 46;
	objects = {

/* Begin PBXBuildFile section */
		E12FD75114B8B72A00A3BAA9 /* main.cpp in Sources */ = {isa = PBXBuildFile; fileRef = E12FD75014B8B72A00A3BAA9 /* main.cpp */; };
		E12FD75314B8B72A00A3BAA9 /* dict.1 in CopyFiles */ = {isa = PBXBuildFile; fileRef = E12FD75214B8B72A00A3BAA9 /* dict.1 */; };
		E12FD75C14B8B7D100A3BAA9 /* dict_network.cpp in Sources */ = {isa = PBXBuildFile; fileRef = E12FD75A14B8B7D100A3BAA9 /* dict_network.cpp */; };
		E12FD76414B8B82E00A3BAA9 /* dict_database.cpp in Sources */ = {isa = PBXBuildFile; fileRef = E12FD76214B8B82E00A3BAA9 /* dict_database.cpp */; };
		E12FD76914B8B86800A3BAA9 /* dict_input.cpp in Sources */ = {isa = PBXBuildFile; fileRef = E12FD76714B8B86800A3BAA9 /* dict_input.cpp */; };
		E12FD76C14B8B87300A3BAA9 /* dict_haici_xml_parser.cpp in Sources */ = {isa = PBXBuildFile; fileRef = E12FD76A14B8B87300A3BAA9 /* dict_haici_xml_parser.cpp */; };
		E12FD77014B8B89000A3BAA9 /* Markup.cpp in Sources */ = {isa = PBXBuildFile; fileRef = E12FD76E14B8B89000A3BAA9 /* Markup.cpp */; };
		E12FD77314B8B92D00A3BAA9 /* dict_client.cpp in Sources */ = {isa = PBXBuildFile; fileRef = E12FD77114B8B92D00A3BAA9 /* dict_client.cpp */; };
		E12FD77514B8BC6400A3BAA9 /* libiconv.dylib in Frameworks */ = {isa = PBXBuildFile; fileRef = E12FD77414B8BC6400A3BAA9 /* libiconv.dylib */; };
/* End PBXBuildFile section */

/* Begin PBXCopyFilesBuildPhase section */
		E12FD74A14B8B72900A3BAA9 /* CopyFiles */ = {
			isa = PBXCopyFilesBuildPhase;
			buildActionMask = 2147483647;
			dstPath = /usr/share/man/man1/;
			dstSubfolderSpec = 0;
			files = (
				E12FD75314B8B72A00A3BAA9 /* dict.1 in CopyFiles */,
			);
			runOnlyForDeploymentPostprocessing = 1;
		};
/* End PBXCopyFilesBuildPhase section */

/* Begin PBXFileReference section */
		E12FD74C14B8B72A00A3BAA9 /* dict */ = {isa = PBXFileReference; explicitFileType = "compiled.mach-o.executable"; includeInIndex = 0; path = dict; sourceTree = BUILT_PRODUCTS_DIR; };
		E12FD75014B8B72A00A3BAA9 /* main.cpp */ = {isa = PBXFileReference; lastKnownFileType = sourcecode.cpp.cpp; path = main.cpp; sourceTree = "<group>"; };
		E12FD75214B8B72A00A3BAA9 /* dict.1 */ = {isa = PBXFileReference; lastKnownFileType = text.man; path = dict.1; sourceTree = "<group>"; };
		E12FD75A14B8B7D100A3BAA9 /* dict_network.cpp */ = {isa = PBXFileReference; fileEncoding = 4; lastKnownFileType = sourcecode.cpp.cpp; path = dict_network.cpp; sourceTree = "<group>"; };
		E12FD75B14B8B7D100A3BAA9 /* dict_network.h */ = {isa = PBXFileReference; fileEncoding = 4; lastKnownFileType = sourcecode.c.h; path = dict_network.h; sourceTree = "<group>"; };
		E12FD76214B8B82E00A3BAA9 /* dict_database.cpp */ = {isa = PBXFileReference; fileEncoding = 4; lastKnownFileType = sourcecode.cpp.cpp; path = dict_database.cpp; sourceTree = "<group>"; };
		E12FD76314B8B82E00A3BAA9 /* dict_database.h */ = {isa = PBXFileReference; fileEncoding = 4; lastKnownFileType = sourcecode.c.h; path = dict_database.h; sourceTree = "<group>"; };
		E12FD76714B8B86800A3BAA9 /* dict_input.cpp */ = {isa = PBXFileReference; fileEncoding = 4; lastKnownFileType = sourcecode.cpp.cpp; path = dict_input.cpp; sourceTree = "<group>"; };
		E12FD76814B8B86800A3BAA9 /* dict_input.h */ = {isa = PBXFileReference; fileEncoding = 4; lastKnownFileType = sourcecode.c.h; path = dict_input.h; sourceTree = "<group>"; };
		E12FD76A14B8B87300A3BAA9 /* dict_haici_xml_parser.cpp */ = {isa = PBXFileReference; fileEncoding = 4; lastKnownFileType = sourcecode.cpp.cpp; path = dict_haici_xml_parser.cpp; sourceTree = "<group>"; };
		E12FD76B14B8B87300A3BAA9 /* dict_haici_xml_parser.h */ = {isa = PBXFileReference; fileEncoding = 4; lastKnownFileType = sourcecode.c.h; path = dict_haici_xml_parser.h; sourceTree = "<group>"; };
		E12FD76E14B8B89000A3BAA9 /* Markup.cpp */ = {isa = PBXFileReference; fileEncoding = 4; lastKnownFileType = sourcecode.cpp.cpp; path = Markup.cpp; sourceTree = "<group>"; };
		E12FD76F14B8B89000A3BAA9 /* Markup.h */ = {isa = PBXFileReference; fileEncoding = 4; lastKnownFileType = sourcecode.c.h; path = Markup.h; sourceTree = "<group>"; };
		E12FD77114B8B92D00A3BAA9 /* dict_client.cpp */ = {isa = PBXFileReference; fileEncoding = 4; lastKnownFileType = sourcecode.cpp.cpp; path = dict_client.cpp; sourceTree = "<group>"; };
		E12FD77214B8B92D00A3BAA9 /* dict_client.h */ = {isa = PBXFileReference; fileEncoding = 4; lastKnownFileType = sourcecode.c.h; path = dict_client.h; sourceTree = "<group>"; };
		E12FD77414B8BC6400A3BAA9 /* libiconv.dylib */ = {isa = PBXFileReference; lastKnownFileType = "compiled.mach-o.dylib"; name = libiconv.dylib; path = usr/lib/libiconv.dylib; sourceTree = SDKROOT; };
/* End PBXFileReference section */

/* Begin PBXFrameworksBuildPhase section */
		E12FD74914B8B72900A3BAA9 /* Frameworks */ = {
			isa = PBXFrameworksBuildPhase;
			buildActionMask = 2147483647;
			files = (
				E12FD77514B8BC6400A3BAA9 /* libiconv.dylib in Frameworks */,
			);
			runOnlyForDeploymentPostprocessing = 0;
		};
/* End PBXFrameworksBuildPhase section */

/* Begin PBXGroup section */
		E12FD74114B8B72200A3BAA9 = {
			isa = PBXGroup;
			children = (
				E12FD77414B8BC6400A3BAA9 /* libiconv.dylib */,
				E12FD74F14B8B72A00A3BAA9 /* dict */,
				E12FD74D14B8B72A00A3BAA9 /* Products */,
			);
			sourceTree = "<group>";
		};
		E12FD74D14B8B72A00A3BAA9 /* Products */ = {
			isa = PBXGroup;
			children = (
				E12FD74C14B8B72A00A3BAA9 /* dict */,
			);
			name = Products;
			sourceTree = "<group>";
		};
		E12FD74F14B8B72A00A3BAA9 /* dict */ = {
			isa = PBXGroup;
			children = (
				E12FD76D14B8B87D00A3BAA9 /* third party */,
				E12FD76614B8B84D00A3BAA9 /* dict_xml_parser */,
				E12FD76514B8B84400A3BAA9 /* dict_client */,
				E12FD76114B8B81F00A3BAA9 /* dict_database */,
				E12FD75914B8B7C300A3BAA9 /* dict_network */,
				E12FD75014B8B72A00A3BAA9 /* main.cpp */,
				E12FD75214B8B72A00A3BAA9 /* dict.1 */,
			);
			path = dict;
			sourceTree = "<group>";
		};
		E12FD75914B8B7C300A3BAA9 /* dict_network */ = {
			isa = PBXGroup;
			children = (
				E12FD75A14B8B7D100A3BAA9 /* dict_network.cpp */,
				E12FD75B14B8B7D100A3BAA9 /* dict_network.h */,
			);
			name = dict_network;
			sourceTree = "<group>";
		};
		E12FD76114B8B81F00A3BAA9 /* dict_database */ = {
			isa = PBXGroup;
			children = (
				E12FD76214B8B82E00A3BAA9 /* dict_database.cpp */,
				E12FD76314B8B82E00A3BAA9 /* dict_database.h */,
			);
			name = dict_database;
			sourceTree = "<group>";
		};
		E12FD76514B8B84400A3BAA9 /* dict_client */ = {
			isa = PBXGroup;
			children = (
				E12FD77114B8B92D00A3BAA9 /* dict_client.cpp */,
				E12FD77214B8B92D00A3BAA9 /* dict_client.h */,
				E12FD76714B8B86800A3BAA9 /* dict_input.cpp */,
				E12FD76814B8B86800A3BAA9 /* dict_input.h */,
			);
			name = dict_client;
			sourceTree = "<group>";
		};
		E12FD76614B8B84D00A3BAA9 /* dict_xml_parser */ = {
			isa = PBXGroup;
			children = (
				E12FD76A14B8B87300A3BAA9 /* dict_haici_xml_parser.cpp */,
				E12FD76B14B8B87300A3BAA9 /* dict_haici_xml_parser.h */,
			);
			name = dict_xml_parser;
			sourceTree = "<group>";
		};
		E12FD76D14B8B87D00A3BAA9 /* third party */ = {
			isa = PBXGroup;
			children = (
				E12FD76E14B8B89000A3BAA9 /* Markup.cpp */,
				E12FD76F14B8B89000A3BAA9 /* Markup.h */,
			);
			name = "third party";
			sourceTree = "<group>";
		};
/* End PBXGroup section */

/* Begin PBXNativeTarget section */
		E12FD74B14B8B72900A3BAA9 /* dict */ = {
			isa = PBXNativeTarget;
			buildConfigurationList = E12FD75614B8B72A00A3BAA9 /* Build configuration list for PBXNativeTarget "dict" */;
			buildPhases = (
				E12FD74814B8B72900A3BAA9 /* Sources */,
				E12FD74914B8B72900A3BAA9 /* Frameworks */,
				E12FD74A14B8B72900A3BAA9 /* CopyFiles */,
			);
			buildRules = (
			);
			dependencies = (
			);
			name = dict;
			productName = dict;
			productReference = E12FD74C14B8B72A00A3BAA9 /* dict */;
			productType = "com.apple.product-type.tool";
		};
/* End PBXNativeTarget section */

/* Begin PBXProject section */
		E12FD74314B8B72400A3BAA9 /* Project object */ = {
			isa = PBXProject;
			attributes = {
				LastUpgradeCheck = 0420;
				ORGANIZATIONNAME = TJU;
			};
			buildConfigurationList = E12FD74614B8B72400A3BAA9 /* Build configuration list for PBXProject "dict" */;
			compatibilityVersion = "Xcode 3.2";
			developmentRegion = English;
			hasScannedForEncodings = 0;
			knownRegions = (
				en,
			);
			mainGroup = E12FD74114B8B72200A3BAA9;
			productRefGroup = E12FD74D14B8B72A00A3BAA9 /* Products */;
			projectDirPath = "";
			projectRoot = "";
			targets = (
				E12FD74B14B8B72900A3BAA9 /* dict */,
			);
		};
/* End PBXProject section */

/* Begin PBXSourcesBuildPhase section */
		E12FD74814B8B72900A3BAA9 /* Sources */ = {
			isa = PBXSourcesBuildPhase;
			buildActionMask = 2147483647;
			files = (
				E12FD75114B8B72A00A3BAA9 /* main.cpp in Sources */,
				E12FD75C14B8B7D100A3BAA9 /* dict_network.cpp in Sources */,
				E12FD76414B8B82E00A3BAA9 /* dict_database.cpp in Sources */,
				E12FD76914B8B86800A3BAA9 /* dict_input.cpp in Sources */,
				E12FD76C14B8B87300A3BAA9 /* dict_haici_xml_parser.cpp in Sources */,
				E12FD77014B8B89000A3BAA9 /* Markup.cpp in Sources */,
				E12FD77314B8B92D00A3BAA9 /* dict_client.cpp in Sources */,
			);
			runOnlyForDeploymentPostprocessing = 0;
		};
/* End PBXSourcesBuildPhase section */

/* Begin XCBuildConfiguration section */
		E12FD75414B8B72A00A3BAA9 /* Debug */ = {
			isa = XCBuildConfiguration;
			buildSettings = {
				ALWAYS_SEARCH_USER_PATHS = NO;
				ARCHS = "$(ARCHS_STANDARD_64_BIT)";
				COPY_PHASE_STRIP = NO;
				GCC_C_LANGUAGE_STANDARD = gnu99;
				GCC_DYNAMIC_NO_PIC = NO;
				GCC_ENABLE_OBJC_EXCEPTIONS = YES;
				GCC_OPTIMIZATION_LEVEL = 0;
				GCC_PREPROCESSOR_DEFINITIONS = (
					"DEBUG=1",
					"$(inherited)",
				);
				GCC_SYMBOLS_PRIVATE_EXTERN = NO;
				GCC_VERSION = com.apple.compilers.llvm.clang.1_0;
				GCC_WARN_64_TO_32_BIT_CONVERSION = YES;
				GCC_WARN_ABOUT_MISSING_PROTOTYPES = YES;
				GCC_WARN_ABOUT_RETURN_TYPE = YES;
				GCC_WARN_UNUSED_VARIABLE = YES;
				MACOSX_DEPLOYMENT_TARGET = 10.7;
				ONLY_ACTIVE_ARCH = YES;
				SDKROOT = macosx;
			};
			name = Debug;
		};
		E12FD75514B8B72A00A3BAA9 /* Release */ = {
			isa = XCBuildConfiguration;
			buildSettings = {
				ALWAYS_SEARCH_USER_PATHS = NO;
				ARCHS = "$(ARCHS_STANDARD_64_BIT)";
				COPY_PHASE_STRIP = YES;
				DEBUG_INFORMATION_FORMAT = "dwarf-with-dsym";
				GCC_C_LANGUAGE_STANDARD = gnu99;
				GCC_ENABLE_OBJC_EXCEPTIONS = YES;
				GCC_VERSION = com.apple.compilers.llvm.clang.1_0;
				GCC_WARN_64_TO_32_BIT_CONVERSION = YES;
				GCC_WARN_ABOUT_MISSING_PROTOTYPES = YES;
				GCC_WARN_ABOUT_RETURN_TYPE = YES;
				GCC_WARN_UNUSED_VARIABLE = YES;
				MACOSX_DEPLOYMENT_TARGET = 10.7;
				SDKROOT = macosx;
			};
			name = Release;
		};
		E12FD75714B8B72A00A3BAA9 /* Debug */ = {
			isa = XCBuildConfiguration;
			buildSettings = {
				GCC_WARN_ABOUT_MISSING_PROTOTYPES = NO;
				OTHER_LDFLAGS = "-lcurl";
				PRODUCT_NAME = "$(TARGET_NAME)";
			};
			name = Debug;
		};
		E12FD75814B8B72A00A3BAA9 /* Release */ = {
			isa = XCBuildConfiguration;
			buildSettings = {
				GCC_WARN_ABOUT_MISSING_PROTOTYPES = NO;
				OTHER_LDFLAGS = "-lcurl";
				PRODUCT_NAME = "$(TARGET_NAME)";
			};
			name = Release;
		};
/* End XCBuildConfiguration section */

/* Begin XCConfigurationList section */
		E12FD74614B8B72400A3BAA9 /* Build configuration list for PBXProject "dict" */ = {
			isa = XCConfigurationList;
			buildConfigurations = (
				E12FD75414B8B72A00A3BAA9 /* Debug */,
				E12FD75514B8B72A00A3BAA9 /* Release */,
			);
			defaultConfigurationIsVisible = 0;
			defaultConfigurationName = Release;
		};
		E12FD75614B8B72A00A3BAA9 /* Build configuration list for PBXNativeTarget "dict" */ = {
			isa = XCConfigurationList;
			buildConfigurations = (
				E12FD75714B8B72A00A3BAA9 /* Debug */,
				E12FD75814B8B72A00A3BAA9 /* Release */,
			);
			defaultConfigurationIsVisible = 0;
			defaultConfigurationName = Release;
		};
/* End XCConfigurationList section */
	};
	rootObject = E12FD74314B8B72400A3BAA9 /* Project object */;
}
